
Microsoft Visual Studio Solution File, Format Version 12.00
# Visual Studio Version 17
VisualStudioVersion = 17.8.34309.116
MinimumVisualStudioVersion = 10.0.40219.1
Project("{FAE04EC0-301F-11D3-BF4B-00C04F79EFBC}") = "AdventOfCode", "AdventOfCode.csproj", "{0B286EE4-0D4C-4E41-A860-21BBA80B13B7}"
EndProject
Global
	GlobalSection(SolutionConfigurationPlatforms) = preSolution
		Debug|Any CPU = Debug|Any CPU
		Release|Any CPU = Release|Any CPU
	EndGlobalSection
	GlobalSection(ProjectConfigurationPlatforms) = postSolution
		{0B286EE4-0D4C-4E41-A860-21BBA80B13B7}.Debug|Any CPU.ActiveCfg = Debug|Any CPU
		{0B286EE4-0D4C-4E41-A860-21BBA80B13B7}.Debug|Any CPU.Build.0 = Debug|Any CPU
		{0B286EE4-0D4C-4E41-A860-21BBA80B13B7}.Release|Any CPU.ActiveCfg = Release|Any CPU
		{0B286EE4-0D4C-4E41-A860-21BBA80B13B7}.Release|Any CPU.Build.0 = Release|Any CPU
	EndGlobalSection
	GlobalSection(SolutionProperties) = preSolution
		HideSolutionNode = FALSE
	EndGlobalSection
	GlobalSection(ExtensibilityGlobals) = postSolution
		SolutionGuid = {026931C0-90D1-45A9-AF70-4978C232E16C}
	EndGlobalSection
EndGlobal
